{
  "version": 4,
  "terraform_version": "1.4.2",
  "serial": 355,
  "lineage": "5354e04a-bc7f-f7e0-1013-e7a1f05494d8",
  "outputs": {
    "master-publicip": {
      "value": "72.14.186.223",
      "type": "string"
    },
    "nfs-public": {
      "value": "104.237.136.55",
      "type": "string"
    },
    "worker-public-ip": {
      "value": [
        "45.33.114.15",
        "50.116.31.240"
      ],
      "type": [
        "tuple",
        [
          "string",
          "string"
        ]
      ]
    }
  },
  "resources": [
    {
      "mode": "data",
      "type": "linode_image",
      "name": "ubuntu",
      "provider": "provider[\"registry.terraform.io/linode/linode\"]",
      "instances": [
        {
          "schema_version": 0,
          "attributes": {
            "capabilities": [
              "cloud-init"
            ],
            "created": "2022-04-21T16:57:06Z",
            "created_by": "linode",
            "deprecated": false,
            "description": "",
            "expiry": null,
            "id": "linode/ubuntu22.04",
            "is_public": true,
            "label": "Ubuntu 22.04 LTS",
            "size": 3500,
            "status": "available",
            "type": "manual",
            "vendor": "Ubuntu"
          },
          "sensitive_attributes": []
        }
      ]
    },
    {
      "mode": "data",
      "type": "linode_instance_type",
      "name": "default",
      "provider": "provider[\"registry.terraform.io/linode/linode\"]",
      "instances": [
        {
          "schema_version": 0,
          "attributes": {
            "addons": [
              {
                "backups": [
                  {
                    "price": [
                      {
                        "hourly": 0.003000000026077032,
                        "monthly": 2
                      }
                    ]
                  }
                ]
              }
            ],
            "class": "nanode",
            "disk": 25600,
            "id": "g6-nanode-1",
            "label": "Nanode 1GB",
            "memory": 1024,
            "network_out": 1000,
            "price": [
              {
                "hourly": 0.007499999832361937,
                "monthly": 5
              }
            ],
            "transfer": 1000,
            "vcpus": 1
          },
          "sensitive_attributes": []
        }
      ]
    },
    {
      "mode": "data",
      "type": "linode_profile",
      "name": "me",
      "provider": "provider[\"registry.terraform.io/linode/linode\"]",
      "instances": [
        {
          "schema_version": 0,
          "attributes": {
            "authorized_keys": null,
            "email": "juliankubernetestraining@gmail.com",
            "email_notifications": true,
            "id": "{\"uid\":5127858,\"username\":\"juliankubernetestraining\",\"email\":\"juliankubernetestraining@gmail.com\",\"timezone\":\"GMT\",\"email_notifications\":true,\"ip_whitelist_enabled\":false,\"two_factor_auth\":false,\"restricted\":false,\"lish_auth_method\":\"password_keys\",\"referrals\":{\"total\":0,\"completed\":0,\"pending\":0,\"credit\":0,\"code\":\"\",\"url\":\"\"},\"authorized_keys\":null}",
            "ip_whitelist_enabled": false,
            "lish_auth_method": "password_keys",
            "referrals": [
              {
                "code": "",
                "completed": 0,
                "credit": 0,
                "pending": 0,
                "total": 0,
                "url": ""
              }
            ],
            "restricted": false,
            "timezone": "GMT",
            "two_factor_auth": false,
            "username": "juliankubernetestraining"
          },
          "sensitive_attributes": []
        }
      ]
    },
    {
      "mode": "data",
      "type": "linode_region",
      "name": "main",
      "provider": "provider[\"registry.terraform.io/linode/linode\"]",
      "instances": [
        {
          "schema_version": 0,
          "attributes": {
            "capabilities": [
              "Block Storage",
              "Block Storage Migrations",
              "Cloud Firewall",
              "Kubernetes",
              "Linodes",
              "Managed Databases",
              "NodeBalancers"
            ],
            "country": "us",
            "id": "us-central",
            "label": "Dallas, TX",
            "resolvers": [
              {
                "ipv4": "72.14.179.5, 72.14.188.5, 173.255.199.5, 66.228.53.5, 96.126.122.5, 96.126.124.5, 96.126.127.5, 198.58.107.5, 198.58.111.5, 23.239.24.5",
                "ipv6": "2600:3c00::2, 2600:3c00::9, 2600:3c00::7, 2600:3c00::5, 2600:3c00::3, 2600:3c00::8, 2600:3c00::6, 2600:3c00::4, 2600:3c00::c, 2600:3c00::b"
              }
            ],
            "status": "ok"
          },
          "sensitive_attributes": []
        }
      ]
    },
    {
      "mode": "managed",
      "type": "linode_firewall",
      "name": "firewall_cli_master",
      "provider": "provider[\"registry.terraform.io/linode/linode\"]",
      "instances": [
        {
          "schema_version": 0,
          "attributes": {
            "created": "2023-10-26T12:39:39Z",
            "devices": [
              {
                "entity_id": 51298241,
                "id": 535833,
                "label": "master",
                "type": "linode",
                "url": "/v4/linode/instances/51298241"
              }
            ],
            "disabled": false,
            "id": "253143",
            "inbound": [
              {
                "action": "ACCEPT",
                "ipv4": [
                  "0.0.0.0/0"
                ],
                "ipv6": [
                  "::/0"
                ],
                "label": "allow-ssh",
                "ports": "22",
                "protocol": "TCP"
              },
              {
                "action": "ACCEPT",
                "ipv4": [
                  "0.0.0.0/0"
                ],
                "ipv6": [
                  "::/0"
                ],
                "label": "allow-http",
                "ports": "80",
                "protocol": "TCP"
              },
              {
                "action": "ACCEPT",
                "ipv4": [
                  "0.0.0.0/0"
                ],
                "ipv6": [
                  "::/0"
                ],
                "label": "allow-https",
                "ports": "443",
                "protocol": "TCP"
              },
              {
                "action": "ACCEPT",
                "ipv4": [
                  "0.0.0.0/0"
                ],
                "ipv6": [
                  "::/0"
                ],
                "label": "allow-https",
                "ports": "6443",
                "protocol": "TCP"
              }
            ],
            "inbound_policy": "DROP",
            "label": "firewall_cli_master",
            "linodes": [
              51298241
            ],
            "outbound": [],
            "outbound_policy": "ACCEPT",
            "status": "enabled",
            "tags": null,
            "updated": "2023-10-26T12:39:38Z"
          },
          "sensitive_attributes": [],
          "private": "bnVsbA==",
          "dependencies": [
            "data.linode_profile.me",
            "linode_instance.master"
          ]
        }
      ]
    },
    {
      "mode": "managed",
      "type": "linode_firewall",
      "name": "firewall_cli_nfs",
      "provider": "provider[\"registry.terraform.io/linode/linode\"]",
      "instances": [
        {
          "schema_version": 0,
          "attributes": {
            "created": "2023-10-26T12:39:57Z",
            "devices": [
              {
                "entity_id": 51298238,
                "id": 535834,
                "label": "nfs",
                "type": "linode",
                "url": "/v4/linode/instances/51298238"
              }
            ],
            "disabled": false,
            "id": "253144",
            "inbound": [
              {
                "action": "ACCEPT",
                "ipv4": [
                  "0.0.0.0/0"
                ],
                "ipv6": [
                  "::/0"
                ],
                "label": "allow-ssh",
                "ports": "22",
                "protocol": "TCP"
              },
              {
                "action": "ACCEPT",
                "ipv4": [
                  "72.14.186.223/32",
                  "45.33.114.15/32",
                  "50.116.31.240/32"
                ],
                "ipv6": [
                  "::/0"
                ],
                "label": "allow-all-from-nodes",
                "ports": "1-65000",
                "protocol": "TCP"
              }
            ],
            "inbound_policy": "DROP",
            "label": "firewall_cli_nfs",
            "linodes": [
              51298238
            ],
            "outbound": [],
            "outbound_policy": "ACCEPT",
            "status": "enabled",
            "tags": null,
            "updated": "2023-10-26T12:39:56Z"
          },
          "sensitive_attributes": [],
          "private": "bnVsbA==",
          "dependencies": [
            "data.linode_profile.me",
            "linode_instance.master",
            "linode_instance.nfs",
            "linode_instance.worker"
          ]
        }
      ]
    },
    {
      "mode": "managed",
      "type": "linode_firewall",
      "name": "firewall_cli_nodes",
      "provider": "provider[\"registry.terraform.io/linode/linode\"]",
      "instances": [
        {
          "schema_version": 0,
          "attributes": {
            "created": "2023-10-26T12:39:57Z",
            "devices": [
              {
                "entity_id": 51298239,
                "id": 535835,
                "label": "node-2",
                "type": "linode",
                "url": "/v4/linode/instances/51298239"
              },
              {
                "entity_id": 51298242,
                "id": 535836,
                "label": "node-1",
                "type": "linode",
                "url": "/v4/linode/instances/51298242"
              }
            ],
            "disabled": false,
            "id": "253145",
            "inbound": [
              {
                "action": "ACCEPT",
                "ipv4": [
                  "0.0.0.0/0"
                ],
                "ipv6": [
                  "::/0"
                ],
                "label": "allow-ssh",
                "ports": "22",
                "protocol": "TCP"
              },
              {
                "action": "ACCEPT",
                "ipv4": [
                  "72.14.186.223/32"
                ],
                "ipv6": [
                  "::/0"
                ],
                "label": "allow-all-from-master",
                "ports": "1-65000",
                "protocol": "TCP"
              }
            ],
            "inbound_policy": "DROP",
            "label": "firewall_cli_nodes",
            "linodes": [
              51298239,
              51298242
            ],
            "outbound": [],
            "outbound_policy": "ACCEPT",
            "status": "enabled",
            "tags": null,
            "updated": "2023-10-26T12:39:56Z"
          },
          "sensitive_attributes": [],
          "private": "bnVsbA==",
          "dependencies": [
            "data.linode_profile.me",
            "linode_instance.master",
            "linode_instance.worker"
          ]
        }
      ]
    },
    {
      "mode": "managed",
      "type": "linode_instance",
      "name": "master",
      "provider": "provider[\"registry.terraform.io/linode/linode\"]",
      "instances": [
        {
          "schema_version": 0,
          "attributes": {
            "alerts": [
              {
                "cpu": 360,
                "io": 10000,
                "network_in": 10,
                "network_out": 10,
                "transfer_quota": 80
              }
            ],
            "authorized_keys": null,
            "authorized_users": [
              "juliankubernetestraining"
            ],
            "backup_id": null,
            "backups": [
              {
                "available": false,
                "enabled": false,
                "schedule": [
                  {
                    "day": "",
                    "window": ""
                  }
                ]
              }
            ],
            "backups_enabled": false,
            "boot_config_label": "My Ubuntu 22.04 LTS Disk Profile",
            "booted": true,
            "config": [
              {
                "comments": "",
                "devices": [
                  {
                    "sda": [
                      {
                        "disk_id": 101835983,
                        "disk_label": "Ubuntu 22.04 LTS Disk",
                        "volume_id": 0
                      }
                    ],
                    "sdb": [
                      {
                        "disk_id": 101835984,
                        "disk_label": "512 MB Swap Image",
                        "volume_id": 0
                      }
                    ],
                    "sdc": [],
                    "sdd": [],
                    "sde": [],
                    "sdf": [],
                    "sdg": [],
                    "sdh": []
                  }
                ],
                "helpers": [
                  {
                    "devtmpfs_automount": true,
                    "distro": true,
                    "modules_dep": true,
                    "network": true,
                    "updatedb_disabled": true
                  }
                ],
                "interface": [],
                "kernel": "linode/grub2",
                "label": "My Ubuntu 22.04 LTS Disk Profile",
                "memory_limit": 0,
                "root_device": "/dev/sda",
                "run_level": "default",
                "virt_mode": "paravirt"
              }
            ],
            "disk": [
              {
                "authorized_keys": [],
                "authorized_users": [],
                "filesystem": "ext4",
                "id": 101835983,
                "image": "",
                "label": "Ubuntu 22.04 LTS Disk",
                "read_only": false,
                "root_pass": "",
                "size": 163328,
                "stackscript_data": {},
                "stackscript_id": 0
              },
              {
                "authorized_keys": [],
                "authorized_users": [],
                "filesystem": "swap",
                "id": 101835984,
                "image": "",
                "label": "512 MB Swap Image",
                "read_only": false,
                "root_pass": "",
                "size": 512,
                "stackscript_data": {},
                "stackscript_id": 0
              }
            ],
            "group": "master",
            "has_user_data": false,
            "host_uuid": "782654083ddb956aa82650c5ecf91a98120bad18",
            "id": "51298241",
            "image": "linode/ubuntu22.04",
            "interface": [],
            "ip_address": "72.14.186.223",
            "ipv4": [
              "192.168.216.196",
              "72.14.186.223"
            ],
            "ipv6": "2600:3c00::f03c:93ff:fe18:3616/128",
            "label": "master",
            "metadata": [],
            "private_ip": true,
            "private_ip_address": "192.168.216.196",
            "region": "us-central",
            "resize_disk": false,
            "root_pass": null,
            "shared_ipv4": [],
            "specs": [
              {
                "disk": 163840,
                "memory": 8192,
                "transfer": 5000,
                "vcpus": 4
              }
            ],
            "stackscript_data": null,
            "stackscript_id": null,
            "status": "running",
            "swap_size": 512,
            "tags": [
              "kubernetes",
              "master",
              "terraform"
            ],
            "timeouts": null,
            "type": "g6-standard-4",
            "watchdog_enabled": true
          },
          "sensitive_attributes": [],
          "private": "eyJlMmJmYjczMC1lY2FhLTExZTYtOGY4OC0zNDM2M2JjN2M0YzAiOnsiY3JlYXRlIjo5MDAwMDAwMDAwMDAsImRlbGV0ZSI6NjAwMDAwMDAwMDAwLCJ1cGRhdGUiOjE1MDAwMDAwMDAwMDB9fQ==",
          "dependencies": [
            "data.linode_profile.me"
          ]
        }
      ]
    },
    {
      "mode": "managed",
      "type": "linode_instance",
      "name": "nfs",
      "provider": "provider[\"registry.terraform.io/linode/linode\"]",
      "instances": [
        {
          "schema_version": 0,
          "attributes": {
            "alerts": [
              {
                "cpu": 180,
                "io": 10000,
                "network_in": 10,
                "network_out": 10,
                "transfer_quota": 80
              }
            ],
            "authorized_keys": null,
            "authorized_users": [
              "juliankubernetestraining"
            ],
            "backup_id": null,
            "backups": [
              {
                "available": false,
                "enabled": false,
                "schedule": [
                  {
                    "day": "",
                    "window": ""
                  }
                ]
              }
            ],
            "backups_enabled": false,
            "boot_config_label": "My Ubuntu 22.04 LTS Disk Profile",
            "booted": true,
            "config": [
              {
                "comments": "",
                "devices": [
                  {
                    "sda": [
                      {
                        "disk_id": 101835975,
                        "disk_label": "Ubuntu 22.04 LTS Disk",
                        "volume_id": 0
                      }
                    ],
                    "sdb": [
                      {
                        "disk_id": 101835976,
                        "disk_label": "512 MB Swap Image",
                        "volume_id": 0
                      }
                    ],
                    "sdc": [],
                    "sdd": [],
                    "sde": [],
                    "sdf": [],
                    "sdg": [],
                    "sdh": []
                  }
                ],
                "helpers": [
                  {
                    "devtmpfs_automount": true,
                    "distro": true,
                    "modules_dep": true,
                    "network": true,
                    "updatedb_disabled": true
                  }
                ],
                "interface": [],
                "kernel": "linode/grub2",
                "label": "My Ubuntu 22.04 LTS Disk Profile",
                "memory_limit": 0,
                "root_device": "/dev/sda",
                "run_level": "default",
                "virt_mode": "paravirt"
              }
            ],
            "disk": [
              {
                "authorized_keys": [],
                "authorized_users": [],
                "filesystem": "ext4",
                "id": 101835975,
                "image": "",
                "label": "Ubuntu 22.04 LTS Disk",
                "read_only": false,
                "root_pass": "",
                "size": 81408,
                "stackscript_data": {},
                "stackscript_id": 0
              },
              {
                "authorized_keys": [],
                "authorized_users": [],
                "filesystem": "swap",
                "id": 101835976,
                "image": "",
                "label": "512 MB Swap Image",
                "read_only": false,
                "root_pass": "",
                "size": 512,
                "stackscript_data": {},
                "stackscript_id": 0
              }
            ],
            "group": "nfs",
            "has_user_data": false,
            "host_uuid": "6b54fd07295f605619990a2e6464112f13443898",
            "id": "51298238",
            "image": "linode/ubuntu22.04",
            "interface": [],
            "ip_address": "104.237.136.55",
            "ipv4": [
              "104.237.136.55",
              "192.168.216.86"
            ],
            "ipv6": "2600:3c00::f03c:93ff:fe18:3678/128",
            "label": "nfs",
            "metadata": [],
            "private_ip": true,
            "private_ip_address": "192.168.216.86",
            "region": "us-central",
            "resize_disk": false,
            "root_pass": null,
            "shared_ipv4": [],
            "specs": [
              {
                "disk": 81920,
                "memory": 4096,
                "transfer": 4000,
                "vcpus": 2
              }
            ],
            "stackscript_data": null,
            "stackscript_id": null,
            "status": "running",
            "swap_size": 512,
            "tags": [
              "kubernetes",
              "storage",
              "terraform"
            ],
            "timeouts": null,
            "type": "g6-standard-2",
            "watchdog_enabled": true
          },
          "sensitive_attributes": [],
          "private": "eyJlMmJmYjczMC1lY2FhLTExZTYtOGY4OC0zNDM2M2JjN2M0YzAiOnsiY3JlYXRlIjo5MDAwMDAwMDAwMDAsImRlbGV0ZSI6NjAwMDAwMDAwMDAwLCJ1cGRhdGUiOjE1MDAwMDAwMDAwMDB9fQ==",
          "dependencies": [
            "data.linode_profile.me"
          ]
        }
      ]
    },
    {
      "mode": "managed",
      "type": "linode_instance",
      "name": "worker",
      "provider": "provider[\"registry.terraform.io/linode/linode\"]",
      "instances": [
        {
          "index_key": 0,
          "schema_version": 0,
          "attributes": {
            "alerts": [
              {
                "cpu": 180,
                "io": 10000,
                "network_in": 10,
                "network_out": 10,
                "transfer_quota": 80
              }
            ],
            "authorized_keys": null,
            "authorized_users": [
              "juliankubernetestraining"
            ],
            "backup_id": null,
            "backups": [
              {
                "available": false,
                "enabled": false,
                "schedule": [
                  {
                    "day": "",
                    "window": ""
                  }
                ]
              }
            ],
            "backups_enabled": false,
            "boot_config_label": "My Ubuntu 22.04 LTS Disk Profile",
            "booted": true,
            "config": [
              {
                "comments": "",
                "devices": [
                  {
                    "sda": [
                      {
                        "disk_id": 101835985,
                        "disk_label": "Ubuntu 22.04 LTS Disk",
                        "volume_id": 0
                      }
                    ],
                    "sdb": [
                      {
                        "disk_id": 101835986,
                        "disk_label": "512 MB Swap Image",
                        "volume_id": 0
                      }
                    ],
                    "sdc": [],
                    "sdd": [],
                    "sde": [],
                    "sdf": [],
                    "sdg": [],
                    "sdh": []
                  }
                ],
                "helpers": [
                  {
                    "devtmpfs_automount": true,
                    "distro": true,
                    "modules_dep": true,
                    "network": true,
                    "updatedb_disabled": true
                  }
                ],
                "interface": [],
                "kernel": "linode/grub2",
                "label": "My Ubuntu 22.04 LTS Disk Profile",
                "memory_limit": 0,
                "root_device": "/dev/sda",
                "run_level": "default",
                "virt_mode": "paravirt"
              }
            ],
            "disk": [
              {
                "authorized_keys": [],
                "authorized_users": [],
                "filesystem": "ext4",
                "id": 101835985,
                "image": "",
                "label": "Ubuntu 22.04 LTS Disk",
                "read_only": false,
                "root_pass": "",
                "size": 81408,
                "stackscript_data": {},
                "stackscript_id": 0
              },
              {
                "authorized_keys": [],
                "authorized_users": [],
                "filesystem": "swap",
                "id": 101835986,
                "image": "",
                "label": "512 MB Swap Image",
                "read_only": false,
                "root_pass": "",
                "size": 512,
                "stackscript_data": {},
                "stackscript_id": 0
              }
            ],
            "group": "workers",
            "has_user_data": false,
            "host_uuid": "c13097e3a10d0f0bfac5381232536eae57b4f7e8",
            "id": "51298242",
            "image": "linode/ubuntu22.04",
            "interface": [],
            "ip_address": "45.33.114.15",
            "ipv4": [
              "192.168.216.210",
              "45.33.114.15"
            ],
            "ipv6": "2600:3c00::f03c:93ff:fe18:36a6/128",
            "label": "node-1",
            "metadata": [],
            "private_ip": true,
            "private_ip_address": "192.168.216.210",
            "region": "us-central",
            "resize_disk": false,
            "root_pass": null,
            "shared_ipv4": [],
            "specs": [
              {
                "disk": 81920,
                "memory": 4096,
                "transfer": 4000,
                "vcpus": 2
              }
            ],
            "stackscript_data": null,
            "stackscript_id": null,
            "status": "running",
            "swap_size": 512,
            "tags": [
              "kubernetes",
              "terraform",
              "workers"
            ],
            "timeouts": null,
            "type": "g6-standard-2",
            "watchdog_enabled": true
          },
          "sensitive_attributes": [],
          "private": "eyJlMmJmYjczMC1lY2FhLTExZTYtOGY4OC0zNDM2M2JjN2M0YzAiOnsiY3JlYXRlIjo5MDAwMDAwMDAwMDAsImRlbGV0ZSI6NjAwMDAwMDAwMDAwLCJ1cGRhdGUiOjE1MDAwMDAwMDAwMDB9fQ==",
          "dependencies": [
            "data.linode_profile.me"
          ]
        },
        {
          "index_key": 1,
          "schema_version": 0,
          "attributes": {
            "alerts": [
              {
                "cpu": 180,
                "io": 10000,
                "network_in": 10,
                "network_out": 10,
                "transfer_quota": 80
              }
            ],
            "authorized_keys": null,
            "authorized_users": [
              "juliankubernetestraining"
            ],
            "backup_id": null,
            "backups": [
              {
                "available": false,
                "enabled": false,
                "schedule": [
                  {
                    "day": "",
                    "window": ""
                  }
                ]
              }
            ],
            "backups_enabled": false,
            "boot_config_label": "My Ubuntu 22.04 LTS Disk Profile",
            "booted": true,
            "config": [
              {
                "comments": "",
                "devices": [
                  {
                    "sda": [
                      {
                        "disk_id": 101835981,
                        "disk_label": "Ubuntu 22.04 LTS Disk",
                        "volume_id": 0
                      }
                    ],
                    "sdb": [
                      {
                        "disk_id": 101835982,
                        "disk_label": "512 MB Swap Image",
                        "volume_id": 0
                      }
                    ],
                    "sdc": [],
                    "sdd": [],
                    "sde": [],
                    "sdf": [],
                    "sdg": [],
                    "sdh": []
                  }
                ],
                "helpers": [
                  {
                    "devtmpfs_automount": true,
                    "distro": true,
                    "modules_dep": true,
                    "network": true,
                    "updatedb_disabled": true
                  }
                ],
                "interface": [],
                "kernel": "linode/grub2",
                "label": "My Ubuntu 22.04 LTS Disk Profile",
                "memory_limit": 0,
                "root_device": "/dev/sda",
                "run_level": "default",
                "virt_mode": "paravirt"
              }
            ],
            "disk": [
              {
                "authorized_keys": [],
                "authorized_users": [],
                "filesystem": "ext4",
                "id": 101835981,
                "image": "",
                "label": "Ubuntu 22.04 LTS Disk",
                "read_only": false,
                "root_pass": "",
                "size": 81408,
                "stackscript_data": {},
                "stackscript_id": 0
              },
              {
                "authorized_keys": [],
                "authorized_users": [],
                "filesystem": "swap",
                "id": 101835982,
                "image": "",
                "label": "512 MB Swap Image",
                "read_only": false,
                "root_pass": "",
                "size": 512,
                "stackscript_data": {},
                "stackscript_id": 0
              }
            ],
            "group": "workers",
            "has_user_data": false,
            "host_uuid": "9c89bd43e79d372c088a25427c24fea815e328c3",
            "id": "51298239",
            "image": "linode/ubuntu22.04",
            "interface": [],
            "ip_address": "50.116.31.240",
            "ipv4": [
              "192.168.216.89",
              "50.116.31.240"
            ],
            "ipv6": "2600:3c00::f03c:93ff:fe18:3657/128",
            "label": "node-2",
            "metadata": [],
            "private_ip": true,
            "private_ip_address": "192.168.216.89",
            "region": "us-central",
            "resize_disk": false,
            "root_pass": null,
            "shared_ipv4": [],
            "specs": [
              {
                "disk": 81920,
                "memory": 4096,
                "transfer": 4000,
                "vcpus": 2
              }
            ],
            "stackscript_data": null,
            "stackscript_id": null,
            "status": "running",
            "swap_size": 512,
            "tags": [
              "kubernetes",
              "terraform",
              "workers"
            ],
            "timeouts": null,
            "type": "g6-standard-2",
            "watchdog_enabled": true
          },
          "sensitive_attributes": [],
          "private": "eyJlMmJmYjczMC1lY2FhLTExZTYtOGY4OC0zNDM2M2JjN2M0YzAiOnsiY3JlYXRlIjo5MDAwMDAwMDAwMDAsImRlbGV0ZSI6NjAwMDAwMDAwMDAwLCJ1cGRhdGUiOjE1MDAwMDAwMDAwMDB9fQ==",
          "dependencies": [
            "data.linode_profile.me"
          ]
        }
      ]
    },
    {
      "mode": "managed",
      "type": "linode_sshkey",
      "name": "mykey",
      "provider": "provider[\"registry.terraform.io/linode/linode\"]",
      "instances": [
        {
          "schema_version": 0,
          "attributes": {
            "created": "2023-10-26T12:35:09Z",
            "id": 308441,
            "label": "Terraform SSHKey",
            "ssh_key": "ssh-rsa AAAAB3NzaC1yc2EAAAADAQABAAABgQDBJm9nH1xN1TgIBSJ2InDUrbSaDW8KtpNuoaUge9koonGpaiVdmHIMNZKPZswZNPBtbo25XbFEcdunz4nQH7O4CIp81goWbiilSoLvB3pBryqzvQR/JdWYleCI1upPj9IlY5C050wAYnhMaJGTFVJIq6IJ1M6/fmEDKAniNwft3ym6ULJ20n3cCnYhNruXuf2J0dcnWXWBvVFOxS+MFpJx3meW4Y+SQYICCZuuoot0uof4vs212kDxIErVZ6sbgkJ1O9jh7H/Cyjka1I8UZEdEJV6pArbPrDkYzVf+ti630FtrW5f6bfPw5V+6qCq6vAdnhxSHeyK0YlyS6ilsUJ1lhZa3DK28Q+Clbg5FZTB7CiPS1/TnTQhKfPE8PskIwT4MLYB96deAmPZ/dN+frzy48G3KoiJ0ENE1BqenG/60MWsyDHWebyLcdPhXVh/c9ADvL89wHYNMz0/uekZIz5RFBV7hGkPzaY8QqcDquGKLBmaWfGPTJ+LOBtFIWg9tjjU= juliansotoca@DEVs-MBP.home"
          },
          "sensitive_attributes": []
        }
      ]
    },
    {
      "mode": "managed",
      "type": "random_string",
      "name": "password",
      "provider": "provider[\"registry.terraform.io/hashicorp/random\"]",
      "instances": [
        {
          "schema_version": 2,
          "attributes": {
            "id": "wT+%*+BrkQRq\u003esL:O)XP9u@W?{PNF[p%",
            "keepers": null,
            "length": 32,
            "lower": true,
            "min_lower": 0,
            "min_numeric": 0,
            "min_special": 0,
            "min_upper": 0,
            "number": true,
            "numeric": true,
            "override_special": null,
            "result": "wT+%*+BrkQRq\u003esL:O)XP9u@W?{PNF[p%",
            "special": true,
            "upper": true
          },
          "sensitive_attributes": []
        }
      ]
    }
  ],
  "check_results": null
}
